
Microsoft Visual Studio Solution File, Format Version 12.00
# Visual Studio 14
VisualStudioVersion = 14.0.25420.1
MinimumVisualStudioVersion = 10.0.40219.1
Project("{2150E333-8FDC-42A3-9474-1A3956D46DE8}") = "Desktop", "Desktop", "{BB14061B-223A-4916-AF71-F52BE8AF39E6}"
EndProject
Project("{2150E333-8FDC-42A3-9474-1A3956D46DE8}") = "UWP", "UWP", "{716ABE55-402A-46FF-8ACC-03542D670B28}"
EndProject
Project("{FAE04EC0-301F-11D3-BF4B-00C04F79EFBC}") = "StandardApplication", "Desktop\Samples\StandardApplication\StandardApplication.csproj", "{156EF488-612D-4886-ABD5-B4E9DB2F5615}"
EndProject
Project("{FAE04EC0-301F-11D3-BF4B-00C04F79EFBC}") = "SingleInstanceApplicationWithParameterPassing", "Desktop\Samples\SingleInstanceApplicationWithParameterPassing\SingleInstanceApplicationWithParameterPassing.csproj", "{DC07468F-D9FF-47F1-AFE0-F0CBCC60506D}"
EndProject
Project("{FAE04EC0-301F-11D3-BF4B-00C04F79EFBC}") = "SampleConsoleApplication", "Desktop\Samples\SampleConsoleApplication\SampleConsoleApplication.csproj", "{0AAD363F-3165-4652-90CE-23D03094FF34}"
EndProject
Project("{FAE04EC0-301F-11D3-BF4B-00C04F79EFBC}") = "InputValidation", "Desktop\Samples\InputValidation\InputValidation.csproj", "{5C0D8906-C4D5-4BDF-A1B1-7B7D5DFEDFFD}"
EndProject
Project("{FAE04EC0-301F-11D3-BF4B-00C04F79EFBC}") = "EveOnlineApi.Desktop", "Desktop\Samples\EveOnlineApi.Desktop\EveOnlineApi.Desktop.csproj", "{040A2DF8-BECA-48EE-BD78-0A9350FCB997}"
EndProject
Project("{FAE04EC0-301F-11D3-BF4B-00C04F79EFBC}") = "EveMarket.Views", "Desktop\Samples\EveMarket.Views\EveMarket.Views.csproj", "{9EB0E8D6-2859-4162-8041-363955569452}"
EndProject
Project("{FAE04EC0-301F-11D3-BF4B-00C04F79EFBC}") = "EveMarket", "Desktop\Samples\EveMarket\EveMarket.csproj", "{E2A547B5-AAD8-46B2-9748-6C7318E19A30}"
EndProject
Project("{FAE04EC0-301F-11D3-BF4B-00C04F79EFBC}") = "EveMarket", "UWP\Samples\EveMarket\EveMarket.csproj", "{8C23E95A-3B90-4D05-9DD0-46755DDD09DA}"
EndProject
Project("{FAE04EC0-301F-11D3-BF4B-00C04F79EFBC}") = "EveMarket.Views", "UWP\Samples\EveMarket.Views\EveMarket.Views.csproj", "{1E471083-C224-41A1-AA47-266CE945146C}"
EndProject
Project("{FAE04EC0-301F-11D3-BF4B-00C04F79EFBC}") = "EveOnlineApi.UWP", "UWP\Samples\EveOnlineApi.UWP\EveOnlineApi.UWP.csproj", "{DB22A9B3-7688-483A-8458-0BEAE6FB31E8}"
EndProject
Project("{FAE04EC0-301F-11D3-BF4B-00C04F79EFBC}") = "InputValidation", "UWP\Samples\InputValidation\InputValidation.csproj", "{0C095813-E33F-41FF-BBDE-BC4D4A5B96E8}"
EndProject
Project("{FAE04EC0-301F-11D3-BF4B-00C04F79EFBC}") = "StandardApplication", "UWP\Samples\StandardApplication\StandardApplication.csproj", "{49EFA630-EA83-481A-9C25-757D9B56C55C}"
EndProject
Project("{2150E333-8FDC-42A3-9474-1A3956D46DE8}") = "NetCore", "NetCore", "{B86ADE38-21B9-45A3-92EC-CC3A79133475}"
EndProject
Project("{8BB2217D-0F2D-49D1-97BC-3654ED321F3B}") = "EveOnlineApi.NetCore", "NetCore\Samples\EveOnlineApi.NetCore\EveOnlineApi.NetCore.xproj", "{5436DC3B-970B-454D-BB2D-DA0969D6BE12}"
EndProject
Project("{8BB2217D-0F2D-49D1-97BC-3654ED321F3B}") = "SampleConsoleApplication", "NetCore\Samples\SampleConsoleApplication\SampleConsoleApplication.xproj", "{14FEFB41-655C-4C16-A1F1-1A9F0AB1DE7E}"
EndProject
Project("{2150E333-8FDC-42A3-9474-1A3956D46DE8}") = "Shared", "Shared", "{D71E05A7-3F4F-4BF1-8D15-8EAFDAF22F71}"
EndProject
Project("{D954291E-2A0B-460D-934E-DC6B0785DB48}") = "EveOnlineApi", "Shared\Samples\EveOnlineApi\EveOnlineApi.shproj", "{CB0047FF-37A1-4EEE-9CB5-54AB7E1AC0F8}"
EndProject
Global
	GlobalSection(SharedMSBuildProjectFiles) = preSolution
		Shared\Samples\EveOnlineApi\EveOnlineApi.projitems*{040a2df8-beca-48ee-bd78-0a9350fcb997}*SharedItemsImports = 4
		Shared\Samples\EveOnlineApi\EveOnlineApi.projitems*{cb0047ff-37a1-4eee-9cb5-54ab7e1ac0f8}*SharedItemsImports = 13
	EndGlobalSection
	GlobalSection(SolutionConfigurationPlatforms) = preSolution
		Debug|Any CPU = Debug|Any CPU
		Debug|ARM = Debug|ARM
		Debug|x64 = Debug|x64
		Debug|x86 = Debug|x86
		Release|Any CPU = Release|Any CPU
		Release|ARM = Release|ARM
		Release|x64 = Release|x64
		Release|x86 = Release|x86
	EndGlobalSection
	GlobalSection(ProjectConfigurationPlatforms) = postSolution
		{156EF488-612D-4886-ABD5-B4E9DB2F5615}.Debug|Any CPU.ActiveCfg = Debug|Any CPU
		{156EF488-612D-4886-ABD5-B4E9DB2F5615}.Debug|Any CPU.Build.0 = Debug|Any CPU
		{156EF488-612D-4886-ABD5-B4E9DB2F5615}.Debug|ARM.ActiveCfg = Debug|Any CPU
		{156EF488-612D-4886-ABD5-B4E9DB2F5615}.Debug|ARM.Build.0 = Debug|Any CPU
		{156EF488-612D-4886-ABD5-B4E9DB2F5615}.Debug|x64.ActiveCfg = Debug|Any CPU
		{156EF488-612D-4886-ABD5-B4E9DB2F5615}.Debug|x64.Build.0 = Debug|Any CPU
		{156EF488-612D-4886-ABD5-B4E9DB2F5615}.Debug|x86.ActiveCfg = Debug|Any CPU
		{156EF488-612D-4886-ABD5-B4E9DB2F5615}.Debug|x86.Build.0 = Debug|Any CPU
		{156EF488-612D-4886-ABD5-B4E9DB2F5615}.Release|Any CPU.ActiveCfg = Release|Any CPU
		{156EF488-612D-4886-ABD5-B4E9DB2F5615}.Release|Any CPU.Build.0 = Release|Any CPU
		{156EF488-612D-4886-ABD5-B4E9DB2F5615}.Release|ARM.ActiveCfg = Release|Any CPU
		{156EF488-612D-4886-ABD5-B4E9DB2F5615}.Release|ARM.Build.0 = Release|Any CPU
		{156EF488-612D-4886-ABD5-B4E9DB2F5615}.Release|x64.ActiveCfg = Release|Any CPU
		{156EF488-612D-4886-ABD5-B4E9DB2F5615}.Release|x64.Build.0 = Release|Any CPU
		{156EF488-612D-4886-ABD5-B4E9DB2F5615}.Release|x86.ActiveCfg = Release|Any CPU
		{156EF488-612D-4886-ABD5-B4E9DB2F5615}.Release|x86.Build.0 = Release|Any CPU
		{DC07468F-D9FF-47F1-AFE0-F0CBCC60506D}.Debug|Any CPU.ActiveCfg = Debug|Any CPU
		{DC07468F-D9FF-47F1-AFE0-F0CBCC60506D}.Debug|Any CPU.Build.0 = Debug|Any CPU
		{DC07468F-D9FF-47F1-AFE0-F0CBCC60506D}.Debug|ARM.ActiveCfg = Debug|Any CPU
		{DC07468F-D9FF-47F1-AFE0-F0CBCC60506D}.Debug|ARM.Build.0 = Debug|Any CPU
		{DC07468F-D9FF-47F1-AFE0-F0CBCC60506D}.Debug|x64.ActiveCfg = Debug|Any CPU
		{DC07468F-D9FF-47F1-AFE0-F0CBCC60506D}.Debug|x64.Build.0 = Debug|Any CPU
		{DC07468F-D9FF-47F1-AFE0-F0CBCC60506D}.Debug|x86.ActiveCfg = Debug|Any CPU
		{DC07468F-D9FF-47F1-AFE0-F0CBCC60506D}.Debug|x86.Build.0 = Debug|Any CPU
		{DC07468F-D9FF-47F1-AFE0-F0CBCC60506D}.Release|Any CPU.ActiveCfg = Release|Any CPU
		{DC07468F-D9FF-47F1-AFE0-F0CBCC60506D}.Release|Any CPU.Build.0 = Release|Any CPU
		{DC07468F-D9FF-47F1-AFE0-F0CBCC60506D}.Release|ARM.ActiveCfg = Release|Any CPU
		{DC07468F-D9FF-47F1-AFE0-F0CBCC60506D}.Release|ARM.Build.0 = Release|Any CPU
		{DC07468F-D9FF-47F1-AFE0-F0CBCC60506D}.Release|x64.ActiveCfg = Release|Any CPU
		{DC07468F-D9FF-47F1-AFE0-F0CBCC60506D}.Release|x64.Build.0 = Release|Any CPU
		{DC07468F-D9FF-47F1-AFE0-F0CBCC60506D}.Release|x86.ActiveCfg = Release|Any CPU
		{DC07468F-D9FF-47F1-AFE0-F0CBCC60506D}.Release|x86.Build.0 = Release|Any CPU
		{0AAD363F-3165-4652-90CE-23D03094FF34}.Debug|Any CPU.ActiveCfg = Debug|Any CPU
		{0AAD363F-3165-4652-90CE-23D03094FF34}.Debug|Any CPU.Build.0 = Debug|Any CPU
		{0AAD363F-3165-4652-90CE-23D03094FF34}.Debug|ARM.ActiveCfg = Debug|Any CPU
		{0AAD363F-3165-4652-90CE-23D03094FF34}.Debug|ARM.Build.0 = Debug|Any CPU
		{0AAD363F-3165-4652-90CE-23D03094FF34}.Debug|x64.ActiveCfg = Debug|Any CPU
		{0AAD363F-3165-4652-90CE-23D03094FF34}.Debug|x64.Build.0 = Debug|Any CPU
		{0AAD363F-3165-4652-90CE-23D03094FF34}.Debug|x86.ActiveCfg = Debug|Any CPU
		{0AAD363F-3165-4652-90CE-23D03094FF34}.Debug|x86.Build.0 = Debug|Any CPU
		{0AAD363F-3165-4652-90CE-23D03094FF34}.Release|Any CPU.ActiveCfg = Release|Any CPU
		{0AAD363F-3165-4652-90CE-23D03094FF34}.Release|Any CPU.Build.0 = Release|Any CPU
		{0AAD363F-3165-4652-90CE-23D03094FF34}.Release|ARM.ActiveCfg = Release|Any CPU
		{0AAD363F-3165-4652-90CE-23D03094FF34}.Release|ARM.Build.0 = Release|Any CPU
		{0AAD363F-3165-4652-90CE-23D03094FF34}.Release|x64.ActiveCfg = Release|Any CPU
		{0AAD363F-3165-4652-90CE-23D03094FF34}.Release|x64.Build.0 = Release|Any CPU
		{0AAD363F-3165-4652-90CE-23D03094FF34}.Release|x86.ActiveCfg = Release|Any CPU
		{0AAD363F-3165-4652-90CE-23D03094FF34}.Release|x86.Build.0 = Release|Any CPU
		{5C0D8906-C4D5-4BDF-A1B1-7B7D5DFEDFFD}.Debug|Any CPU.ActiveCfg = Debug|Any CPU
		{5C0D8906-C4D5-4BDF-A1B1-7B7D5DFEDFFD}.Debug|Any CPU.Build.0 = Debug|Any CPU
		{5C0D8906-C4D5-4BDF-A1B1-7B7D5DFEDFFD}.Debug|ARM.ActiveCfg = Debug|Any CPU
		{5C0D8906-C4D5-4BDF-A1B1-7B7D5DFEDFFD}.Debug|ARM.Build.0 = Debug|Any CPU
		{5C0D8906-C4D5-4BDF-A1B1-7B7D5DFEDFFD}.Debug|x64.ActiveCfg = Debug|Any CPU
		{5C0D8906-C4D5-4BDF-A1B1-7B7D5DFEDFFD}.Debug|x64.Build.0 = Debug|Any CPU
		{5C0D8906-C4D5-4BDF-A1B1-7B7D5DFEDFFD}.Debug|x86.ActiveCfg = Debug|Any CPU
		{5C0D8906-C4D5-4BDF-A1B1-7B7D5DFEDFFD}.Debug|x86.Build.0 = Debug|Any CPU
		{5C0D8906-C4D5-4BDF-A1B1-7B7D5DFEDFFD}.Release|Any CPU.ActiveCfg = Release|Any CPU
		{5C0D8906-C4D5-4BDF-A1B1-7B7D5DFEDFFD}.Release|Any CPU.Build.0 = Release|Any CPU
		{5C0D8906-C4D5-4BDF-A1B1-7B7D5DFEDFFD}.Release|ARM.ActiveCfg = Release|Any CPU
		{5C0D8906-C4D5-4BDF-A1B1-7B7D5DFEDFFD}.Release|ARM.Build.0 = Release|Any CPU
		{5C0D8906-C4D5-4BDF-A1B1-7B7D5DFEDFFD}.Release|x64.ActiveCfg = Release|Any CPU
		{5C0D8906-C4D5-4BDF-A1B1-7B7D5DFEDFFD}.Release|x64.Build.0 = Release|Any CPU
		{5C0D8906-C4D5-4BDF-A1B1-7B7D5DFEDFFD}.Release|x86.ActiveCfg = Release|Any CPU
		{5C0D8906-C4D5-4BDF-A1B1-7B7D5DFEDFFD}.Release|x86.Build.0 = Release|Any CPU
		{040A2DF8-BECA-48EE-BD78-0A9350FCB997}.Debug|Any CPU.ActiveCfg = Debug|Any CPU
		{040A2DF8-BECA-48EE-BD78-0A9350FCB997}.Debug|Any CPU.Build.0 = Debug|Any CPU
		{040A2DF8-BECA-48EE-BD78-0A9350FCB997}.Debug|ARM.ActiveCfg = Debug|Any CPU
		{040A2DF8-BECA-48EE-BD78-0A9350FCB997}.Debug|ARM.Build.0 = Debug|Any CPU
		{040A2DF8-BECA-48EE-BD78-0A9350FCB997}.Debug|x64.ActiveCfg = Debug|Any CPU
		{040A2DF8-BECA-48EE-BD78-0A9350FCB997}.Debug|x64.Build.0 = Debug|Any CPU
		{040A2DF8-BECA-48EE-BD78-0A9350FCB997}.Debug|x86.ActiveCfg = Debug|Any CPU
		{040A2DF8-BECA-48EE-BD78-0A9350FCB997}.Debug|x86.Build.0 = Debug|Any CPU
		{040A2DF8-BECA-48EE-BD78-0A9350FCB997}.Release|Any CPU.ActiveCfg = Release|Any CPU
		{040A2DF8-BECA-48EE-BD78-0A9350FCB997}.Release|Any CPU.Build.0 = Release|Any CPU
		{040A2DF8-BECA-48EE-BD78-0A9350FCB997}.Release|ARM.ActiveCfg = Release|Any CPU
		{040A2DF8-BECA-48EE-BD78-0A9350FCB997}.Release|ARM.Build.0 = Release|Any CPU
		{040A2DF8-BECA-48EE-BD78-0A9350FCB997}.Release|x64.ActiveCfg = Release|Any CPU
		{040A2DF8-BECA-48EE-BD78-0A9350FCB997}.Release|x64.Build.0 = Release|Any CPU
		{040A2DF8-BECA-48EE-BD78-0A9350FCB997}.Release|x86.ActiveCfg = Release|Any CPU
		{040A2DF8-BECA-48EE-BD78-0A9350FCB997}.Release|x86.Build.0 = Release|Any CPU
		{9EB0E8D6-2859-4162-8041-363955569452}.Debug|Any CPU.ActiveCfg = Debug|Any CPU
		{9EB0E8D6-2859-4162-8041-363955569452}.Debug|Any CPU.Build.0 = Debug|Any CPU
		{9EB0E8D6-2859-4162-8041-363955569452}.Debug|ARM.ActiveCfg = Debug|Any CPU
		{9EB0E8D6-2859-4162-8041-363955569452}.Debug|ARM.Build.0 = Debug|Any CPU
		{9EB0E8D6-2859-4162-8041-363955569452}.Debug|x64.ActiveCfg = Debug|Any CPU
		{9EB0E8D6-2859-4162-8041-363955569452}.Debug|x64.Build.0 = Debug|Any CPU
		{9EB0E8D6-2859-4162-8041-363955569452}.Debug|x86.ActiveCfg = Debug|Any CPU
		{9EB0E8D6-2859-4162-8041-363955569452}.Debug|x86.Build.0 = Debug|Any CPU
		{9EB0E8D6-2859-4162-8041-363955569452}.Release|Any CPU.ActiveCfg = Release|Any CPU
		{9EB0E8D6-2859-4162-8041-363955569452}.Release|Any CPU.Build.0 = Release|Any CPU
		{9EB0E8D6-2859-4162-8041-363955569452}.Release|ARM.ActiveCfg = Release|Any CPU
		{9EB0E8D6-2859-4162-8041-363955569452}.Release|ARM.Build.0 = Release|Any CPU
		{9EB0E8D6-2859-4162-8041-363955569452}.Release|x64.ActiveCfg = Release|Any CPU
		{9EB0E8D6-2859-4162-8041-363955569452}.Release|x64.Build.0 = Release|Any CPU
		{9EB0E8D6-2859-4162-8041-363955569452}.Release|x86.ActiveCfg = Release|Any CPU
		{9EB0E8D6-2859-4162-8041-363955569452}.Release|x86.Build.0 = Release|Any CPU
		{E2A547B5-AAD8-46B2-9748-6C7318E19A30}.Debug|Any CPU.ActiveCfg = Debug|Any CPU
		{E2A547B5-AAD8-46B2-9748-6C7318E19A30}.Debug|Any CPU.Build.0 = Debug|Any CPU
		{E2A547B5-AAD8-46B2-9748-6C7318E19A30}.Debug|ARM.ActiveCfg = Debug|Any CPU
		{E2A547B5-AAD8-46B2-9748-6C7318E19A30}.Debug|ARM.Build.0 = Debug|Any CPU
		{E2A547B5-AAD8-46B2-9748-6C7318E19A30}.Debug|x64.ActiveCfg = Debug|Any CPU
		{E2A547B5-AAD8-46B2-9748-6C7318E19A30}.Debug|x64.Build.0 = Debug|Any CPU
		{E2A547B5-AAD8-46B2-9748-6C7318E19A30}.Debug|x86.ActiveCfg = Debug|Any CPU
		{E2A547B5-AAD8-46B2-9748-6C7318E19A30}.Debug|x86.Build.0 = Debug|Any CPU
		{E2A547B5-AAD8-46B2-9748-6C7318E19A30}.Release|Any CPU.ActiveCfg = Release|Any CPU
		{E2A547B5-AAD8-46B2-9748-6C7318E19A30}.Release|Any CPU.Build.0 = Release|Any CPU
		{E2A547B5-AAD8-46B2-9748-6C7318E19A30}.Release|ARM.ActiveCfg = Release|Any CPU
		{E2A547B5-AAD8-46B2-9748-6C7318E19A30}.Release|ARM.Build.0 = Release|Any CPU
		{E2A547B5-AAD8-46B2-9748-6C7318E19A30}.Release|x64.ActiveCfg = Release|Any CPU
		{E2A547B5-AAD8-46B2-9748-6C7318E19A30}.Release|x64.Build.0 = Release|Any CPU
		{E2A547B5-AAD8-46B2-9748-6C7318E19A30}.Release|x86.ActiveCfg = Release|Any CPU
		{E2A547B5-AAD8-46B2-9748-6C7318E19A30}.Release|x86.Build.0 = Release|Any CPU
		{8C23E95A-3B90-4D05-9DD0-46755DDD09DA}.Debug|Any CPU.ActiveCfg = Debug|x86
		{8C23E95A-3B90-4D05-9DD0-46755DDD09DA}.Debug|ARM.ActiveCfg = Debug|ARM
		{8C23E95A-3B90-4D05-9DD0-46755DDD09DA}.Debug|ARM.Build.0 = Debug|ARM
		{8C23E95A-3B90-4D05-9DD0-46755DDD09DA}.Debug|ARM.Deploy.0 = Debug|ARM
		{8C23E95A-3B90-4D05-9DD0-46755DDD09DA}.Debug|x64.ActiveCfg = Debug|x64
		{8C23E95A-3B90-4D05-9DD0-46755DDD09DA}.Debug|x64.Build.0 = Debug|x64
		{8C23E95A-3B90-4D05-9DD0-46755DDD09DA}.Debug|x64.Deploy.0 = Debug|x64
		{8C23E95A-3B90-4D05-9DD0-46755DDD09DA}.Debug|x86.ActiveCfg = Debug|x86
		{8C23E95A-3B90-4D05-9DD0-46755DDD09DA}.Debug|x86.Build.0 = Debug|x86
		{8C23E95A-3B90-4D05-9DD0-46755DDD09DA}.Debug|x86.Deploy.0 = Debug|x86
		{8C23E95A-3B90-4D05-9DD0-46755DDD09DA}.Release|Any CPU.ActiveCfg = Release|x86
		{8C23E95A-3B90-4D05-9DD0-46755DDD09DA}.Release|ARM.ActiveCfg = Release|ARM
		{8C23E95A-3B90-4D05-9DD0-46755DDD09DA}.Release|ARM.Build.0 = Release|ARM
		{8C23E95A-3B90-4D05-9DD0-46755DDD09DA}.Release|ARM.Deploy.0 = Release|ARM
		{8C23E95A-3B90-4D05-9DD0-46755DDD09DA}.Release|x64.ActiveCfg = Release|x64
		{8C23E95A-3B90-4D05-9DD0-46755DDD09DA}.Release|x64.Build.0 = Release|x64
		{8C23E95A-3B90-4D05-9DD0-46755DDD09DA}.Release|x64.Deploy.0 = Release|x64
		{8C23E95A-3B90-4D05-9DD0-46755DDD09DA}.Release|x86.ActiveCfg = Release|x86
		{8C23E95A-3B90-4D05-9DD0-46755DDD09DA}.Release|x86.Build.0 = Release|x86
		{8C23E95A-3B90-4D05-9DD0-46755DDD09DA}.Release|x86.Deploy.0 = Release|x86
		{1E471083-C224-41A1-AA47-266CE945146C}.Debug|Any CPU.ActiveCfg = Debug|Any CPU
		{1E471083-C224-41A1-AA47-266CE945146C}.Debug|Any CPU.Build.0 = Debug|Any CPU
		{1E471083-C224-41A1-AA47-266CE945146C}.Debug|ARM.ActiveCfg = Debug|ARM
		{1E471083-C224-41A1-AA47-266CE945146C}.Debug|ARM.Build.0 = Debug|ARM
		{1E471083-C224-41A1-AA47-266CE945146C}.Debug|x64.ActiveCfg = Debug|x64
		{1E471083-C224-41A1-AA47-266CE945146C}.Debug|x64.Build.0 = Debug|x64
		{1E471083-C224-41A1-AA47-266CE945146C}.Debug|x86.ActiveCfg = Debug|x86
		{1E471083-C224-41A1-AA47-266CE945146C}.Debug|x86.Build.0 = Debug|x86
		{1E471083-C224-41A1-AA47-266CE945146C}.Release|Any CPU.ActiveCfg = Release|Any CPU
		{1E471083-C224-41A1-AA47-266CE945146C}.Release|Any CPU.Build.0 = Release|Any CPU
		{1E471083-C224-41A1-AA47-266CE945146C}.Release|ARM.ActiveCfg = Release|ARM
		{1E471083-C224-41A1-AA47-266CE945146C}.Release|ARM.Build.0 = Release|ARM
		{1E471083-C224-41A1-AA47-266CE945146C}.Release|x64.ActiveCfg = Release|x64
		{1E471083-C224-41A1-AA47-266CE945146C}.Release|x64.Build.0 = Release|x64
		{1E471083-C224-41A1-AA47-266CE945146C}.Release|x86.ActiveCfg = Release|x86
		{1E471083-C224-41A1-AA47-266CE945146C}.Release|x86.Build.0 = Release|x86
		{DB22A9B3-7688-483A-8458-0BEAE6FB31E8}.Debug|Any CPU.ActiveCfg = Debug|Any CPU
		{DB22A9B3-7688-483A-8458-0BEAE6FB31E8}.Debug|Any CPU.Build.0 = Debug|Any CPU
		{DB22A9B3-7688-483A-8458-0BEAE6FB31E8}.Debug|ARM.ActiveCfg = Debug|ARM
		{DB22A9B3-7688-483A-8458-0BEAE6FB31E8}.Debug|ARM.Build.0 = Debug|ARM
		{DB22A9B3-7688-483A-8458-0BEAE6FB31E8}.Debug|x64.ActiveCfg = Debug|x64
		{DB22A9B3-7688-483A-8458-0BEAE6FB31E8}.Debug|x64.Build.0 = Debug|x64
		{DB22A9B3-7688-483A-8458-0BEAE6FB31E8}.Debug|x86.ActiveCfg = Debug|x86
		{DB22A9B3-7688-483A-8458-0BEAE6FB31E8}.Debug|x86.Build.0 = Debug|x86
		{DB22A9B3-7688-483A-8458-0BEAE6FB31E8}.Release|Any CPU.ActiveCfg = Release|Any CPU
		{DB22A9B3-7688-483A-8458-0BEAE6FB31E8}.Release|Any CPU.Build.0 = Release|Any CPU
		{DB22A9B3-7688-483A-8458-0BEAE6FB31E8}.Release|ARM.ActiveCfg = Release|ARM
		{DB22A9B3-7688-483A-8458-0BEAE6FB31E8}.Release|ARM.Build.0 = Release|ARM
		{DB22A9B3-7688-483A-8458-0BEAE6FB31E8}.Release|x64.ActiveCfg = Release|x64
		{DB22A9B3-7688-483A-8458-0BEAE6FB31E8}.Release|x64.Build.0 = Release|x64
		{DB22A9B3-7688-483A-8458-0BEAE6FB31E8}.Release|x86.ActiveCfg = Release|x86
		{DB22A9B3-7688-483A-8458-0BEAE6FB31E8}.Release|x86.Build.0 = Release|x86
		{0C095813-E33F-41FF-BBDE-BC4D4A5B96E8}.Debug|Any CPU.ActiveCfg = Debug|x86
		{0C095813-E33F-41FF-BBDE-BC4D4A5B96E8}.Debug|ARM.ActiveCfg = Debug|ARM
		{0C095813-E33F-41FF-BBDE-BC4D4A5B96E8}.Debug|ARM.Build.0 = Debug|ARM
		{0C095813-E33F-41FF-BBDE-BC4D4A5B96E8}.Debug|ARM.Deploy.0 = Debug|ARM
		{0C095813-E33F-41FF-BBDE-BC4D4A5B96E8}.Debug|x64.ActiveCfg = Debug|x64
		{0C095813-E33F-41FF-BBDE-BC4D4A5B96E8}.Debug|x64.Build.0 = Debug|x64
		{0C095813-E33F-41FF-BBDE-BC4D4A5B96E8}.Debug|x64.Deploy.0 = Debug|x64
		{0C095813-E33F-41FF-BBDE-BC4D4A5B96E8}.Debug|x86.ActiveCfg = Debug|x86
		{0C095813-E33F-41FF-BBDE-BC4D4A5B96E8}.Debug|x86.Build.0 = Debug|x86
		{0C095813-E33F-41FF-BBDE-BC4D4A5B96E8}.Debug|x86.Deploy.0 = Debug|x86
		{0C095813-E33F-41FF-BBDE-BC4D4A5B96E8}.Release|Any CPU.ActiveCfg = Release|x86
		{0C095813-E33F-41FF-BBDE-BC4D4A5B96E8}.Release|ARM.ActiveCfg = Release|ARM
		{0C095813-E33F-41FF-BBDE-BC4D4A5B96E8}.Release|ARM.Build.0 = Release|ARM
		{0C095813-E33F-41FF-BBDE-BC4D4A5B96E8}.Release|ARM.Deploy.0 = Release|ARM
		{0C095813-E33F-41FF-BBDE-BC4D4A5B96E8}.Release|x64.ActiveCfg = Release|x64
		{0C095813-E33F-41FF-BBDE-BC4D4A5B96E8}.Release|x64.Build.0 = Release|x64
		{0C095813-E33F-41FF-BBDE-BC4D4A5B96E8}.Release|x64.Deploy.0 = Release|x64
		{0C095813-E33F-41FF-BBDE-BC4D4A5B96E8}.Release|x86.ActiveCfg = Release|x86
		{0C095813-E33F-41FF-BBDE-BC4D4A5B96E8}.Release|x86.Build.0 = Release|x86
		{0C095813-E33F-41FF-BBDE-BC4D4A5B96E8}.Release|x86.Deploy.0 = Release|x86
		{49EFA630-EA83-481A-9C25-757D9B56C55C}.Debug|Any CPU.ActiveCfg = Debug|x86
		{49EFA630-EA83-481A-9C25-757D9B56C55C}.Debug|ARM.ActiveCfg = Debug|ARM
		{49EFA630-EA83-481A-9C25-757D9B56C55C}.Debug|ARM.Build.0 = Debug|ARM
		{49EFA630-EA83-481A-9C25-757D9B56C55C}.Debug|ARM.Deploy.0 = Debug|ARM
		{49EFA630-EA83-481A-9C25-757D9B56C55C}.Debug|x64.ActiveCfg = Debug|x64
		{49EFA630-EA83-481A-9C25-757D9B56C55C}.Debug|x64.Build.0 = Debug|x64
		{49EFA630-EA83-481A-9C25-757D9B56C55C}.Debug|x64.Deploy.0 = Debug|x64
		{49EFA630-EA83-481A-9C25-757D9B56C55C}.Debug|x86.ActiveCfg = Debug|x86
		{49EFA630-EA83-481A-9C25-757D9B56C55C}.Debug|x86.Build.0 = Debug|x86
		{49EFA630-EA83-481A-9C25-757D9B56C55C}.Debug|x86.Deploy.0 = Debug|x86
		{49EFA630-EA83-481A-9C25-757D9B56C55C}.Release|Any CPU.ActiveCfg = Release|x86
		{49EFA630-EA83-481A-9C25-757D9B56C55C}.Release|ARM.ActiveCfg = Release|ARM
		{49EFA630-EA83-481A-9C25-757D9B56C55C}.Release|ARM.Build.0 = Release|ARM
		{49EFA630-EA83-481A-9C25-757D9B56C55C}.Release|ARM.Deploy.0 = Release|ARM
		{49EFA630-EA83-481A-9C25-757D9B56C55C}.Release|x64.ActiveCfg = Release|x64
		{49EFA630-EA83-481A-9C25-757D9B56C55C}.Release|x64.Build.0 = Release|x64
		{49EFA630-EA83-481A-9C25-757D9B56C55C}.Release|x64.Deploy.0 = Release|x64
		{49EFA630-EA83-481A-9C25-757D9B56C55C}.Release|x86.ActiveCfg = Release|x86
		{49EFA630-EA83-481A-9C25-757D9B56C55C}.Release|x86.Build.0 = Release|x86
		{49EFA630-EA83-481A-9C25-757D9B56C55C}.Release|x86.Deploy.0 = Release|x86
		{5436DC3B-970B-454D-BB2D-DA0969D6BE12}.Debug|Any CPU.ActiveCfg = Debug|Any CPU
		{5436DC3B-970B-454D-BB2D-DA0969D6BE12}.Debug|Any CPU.Build.0 = Debug|Any CPU
		{5436DC3B-970B-454D-BB2D-DA0969D6BE12}.Debug|ARM.ActiveCfg = Debug|Any CPU
		{5436DC3B-970B-454D-BB2D-DA0969D6BE12}.Debug|ARM.Build.0 = Debug|Any CPU
		{5436DC3B-970B-454D-BB2D-DA0969D6BE12}.Debug|x64.ActiveCfg = Debug|Any CPU
		{5436DC3B-970B-454D-BB2D-DA0969D6BE12}.Debug|x64.Build.0 = Debug|Any CPU
		{5436DC3B-970B-454D-BB2D-DA0969D6BE12}.Debug|x86.ActiveCfg = Debug|Any CPU
		{5436DC3B-970B-454D-BB2D-DA0969D6BE12}.Debug|x86.Build.0 = Debug|Any CPU
		{5436DC3B-970B-454D-BB2D-DA0969D6BE12}.Release|Any CPU.ActiveCfg = Release|Any CPU
		{5436DC3B-970B-454D-BB2D-DA0969D6BE12}.Release|Any CPU.Build.0 = Release|Any CPU
		{5436DC3B-970B-454D-BB2D-DA0969D6BE12}.Release|ARM.ActiveCfg = Release|Any CPU
		{5436DC3B-970B-454D-BB2D-DA0969D6BE12}.Release|ARM.Build.0 = Release|Any CPU
		{5436DC3B-970B-454D-BB2D-DA0969D6BE12}.Release|x64.ActiveCfg = Release|Any CPU
		{5436DC3B-970B-454D-BB2D-DA0969D6BE12}.Release|x64.Build.0 = Release|Any CPU
		{5436DC3B-970B-454D-BB2D-DA0969D6BE12}.Release|x86.ActiveCfg = Release|Any CPU
		{5436DC3B-970B-454D-BB2D-DA0969D6BE12}.Release|x86.Build.0 = Release|Any CPU
		{14FEFB41-655C-4C16-A1F1-1A9F0AB1DE7E}.Debug|Any CPU.ActiveCfg = Debug|Any CPU
		{14FEFB41-655C-4C16-A1F1-1A9F0AB1DE7E}.Debug|Any CPU.Build.0 = Debug|Any CPU
		{14FEFB41-655C-4C16-A1F1-1A9F0AB1DE7E}.Debug|ARM.ActiveCfg = Debug|Any CPU
		{14FEFB41-655C-4C16-A1F1-1A9F0AB1DE7E}.Debug|ARM.Build.0 = Debug|Any CPU
		{14FEFB41-655C-4C16-A1F1-1A9F0AB1DE7E}.Debug|x64.ActiveCfg = Debug|Any CPU
		{14FEFB41-655C-4C16-A1F1-1A9F0AB1DE7E}.Debug|x64.Build.0 = Debug|Any CPU
		{14FEFB41-655C-4C16-A1F1-1A9F0AB1DE7E}.Debug|x86.ActiveCfg = Debug|Any CPU
		{14FEFB41-655C-4C16-A1F1-1A9F0AB1DE7E}.Debug|x86.Build.0 = Debug|Any CPU
		{14FEFB41-655C-4C16-A1F1-1A9F0AB1DE7E}.Release|Any CPU.ActiveCfg = Release|Any CPU
		{14FEFB41-655C-4C16-A1F1-1A9F0AB1DE7E}.Release|Any CPU.Build.0 = Release|Any CPU
		{14FEFB41-655C-4C16-A1F1-1A9F0AB1DE7E}.Release|ARM.ActiveCfg = Release|Any CPU
		{14FEFB41-655C-4C16-A1F1-1A9F0AB1DE7E}.Release|ARM.Build.0 = Release|Any CPU
		{14FEFB41-655C-4C16-A1F1-1A9F0AB1DE7E}.Release|x64.ActiveCfg = Release|Any CPU
		{14FEFB41-655C-4C16-A1F1-1A9F0AB1DE7E}.Release|x64.Build.0 = Release|Any CPU
		{14FEFB41-655C-4C16-A1F1-1A9F0AB1DE7E}.Release|x86.ActiveCfg = Release|Any CPU
		{14FEFB41-655C-4C16-A1F1-1A9F0AB1DE7E}.Release|x86.Build.0 = Release|Any CPU
	EndGlobalSection
	GlobalSection(SolutionProperties) = preSolution
		HideSolutionNode = FALSE
	EndGlobalSection
	GlobalSection(NestedProjects) = preSolution
		{156EF488-612D-4886-ABD5-B4E9DB2F5615} = {BB14061B-223A-4916-AF71-F52BE8AF39E6}
		{DC07468F-D9FF-47F1-AFE0-F0CBCC60506D} = {BB14061B-223A-4916-AF71-F52BE8AF39E6}
		{0AAD363F-3165-4652-90CE-23D03094FF34} = {BB14061B-223A-4916-AF71-F52BE8AF39E6}
		{5C0D8906-C4D5-4BDF-A1B1-7B7D5DFEDFFD} = {BB14061B-223A-4916-AF71-F52BE8AF39E6}
		{040A2DF8-BECA-48EE-BD78-0A9350FCB997} = {BB14061B-223A-4916-AF71-F52BE8AF39E6}
		{9EB0E8D6-2859-4162-8041-363955569452} = {BB14061B-223A-4916-AF71-F52BE8AF39E6}
		{E2A547B5-AAD8-46B2-9748-6C7318E19A30} = {BB14061B-223A-4916-AF71-F52BE8AF39E6}
		{8C23E95A-3B90-4D05-9DD0-46755DDD09DA} = {716ABE55-402A-46FF-8ACC-03542D670B28}
		{1E471083-C224-41A1-AA47-266CE945146C} = {716ABE55-402A-46FF-8ACC-03542D670B28}
		{DB22A9B3-7688-483A-8458-0BEAE6FB31E8} = {716ABE55-402A-46FF-8ACC-03542D670B28}
		{0C095813-E33F-41FF-BBDE-BC4D4A5B96E8} = {716ABE55-402A-46FF-8ACC-03542D670B28}
		{49EFA630-EA83-481A-9C25-757D9B56C55C} = {716ABE55-402A-46FF-8ACC-03542D670B28}
		{5436DC3B-970B-454D-BB2D-DA0969D6BE12} = {B86ADE38-21B9-45A3-92EC-CC3A79133475}
		{14FEFB41-655C-4C16-A1F1-1A9F0AB1DE7E} = {B86ADE38-21B9-45A3-92EC-CC3A79133475}
		{CB0047FF-37A1-4EEE-9CB5-54AB7E1AC0F8} = {D71E05A7-3F4F-4BF1-8D15-8EAFDAF22F71}
	EndGlobalSection
EndGlobal
