
Microsoft Visual Studio Solution File, Format Version 12.00
# Visual Studio 14
VisualStudioVersion = 14.0.24720.0
MinimumVisualStudioVersion = 10.0.40219.1
Project("{FAE04EC0-301F-11D3-BF4B-00C04F79EFBC}") = "Couldron", "Couldron\Couldron.csproj", "{2ACA0073-BEBF-46CE-830A-3AC8BB4A3DCA}"
EndProject
Project("{FAE04EC0-301F-11D3-BF4B-00C04F79EFBC}") = "Couldron.Test", "Couldron.Test\Couldron.Test.csproj", "{7A58E9E0-CFA9-4D67-83DE-F5889A901802}"
EndProject
Global
	GlobalSection(SolutionConfigurationPlatforms) = preSolution
		Debug|Any CPU = Debug|Any CPU
		Release|Any CPU = Release|Any CPU
	EndGlobalSection
	GlobalSection(ProjectConfigurationPlatforms) = postSolution
		{2ACA0073-BEBF-46CE-830A-3AC8BB4A3DCA}.Debug|Any CPU.ActiveCfg = Debug|Any CPU
		{2ACA0073-BEBF-46CE-830A-3AC8BB4A3DCA}.Debug|Any CPU.Build.0 = Debug|Any CPU
		{2ACA0073-BEBF-46CE-830A-3AC8BB4A3DCA}.Release|Any CPU.ActiveCfg = Release|Any CPU
		{2ACA0073-BEBF-46CE-830A-3AC8BB4A3DCA}.Release|Any CPU.Build.0 = Release|Any CPU
		{7A58E9E0-CFA9-4D67-83DE-F5889A901802}.Debug|Any CPU.ActiveCfg = Debug|Any CPU
		{7A58E9E0-CFA9-4D67-83DE-F5889A901802}.Debug|Any CPU.Build.0 = Debug|Any CPU
		{7A58E9E0-CFA9-4D67-83DE-F5889A901802}.Release|Any CPU.ActiveCfg = Release|Any CPU
		{7A58E9E0-CFA9-4D67-83DE-F5889A901802}.Release|Any CPU.Build.0 = Release|Any CPU
	EndGlobalSection
	GlobalSection(SolutionProperties) = preSolution
		HideSolutionNode = FALSE
	EndGlobalSection
EndGlobal
